// !$*UTF8*$!
{
	archiveVersion = 1;
	classes = {
	};
	objectVersion = 46;
	objects = {

/* Begin PBXBuildFile section */
		DF623F941D8B9DD90067156C /* HMAC.swift in Sources */ = {isa = PBXBuildFile; fileRef = DF623F7D1D8B9DD90067156C /* HMAC.swift */; };
		DF623F951D8B9DD90067156C /* Data+HashFunction.swift in Sources */ = {isa = PBXBuildFile; fileRef = DF623F7F1D8B9DD90067156C /* Data+HashFunction.swift */; };
		DF623F961D8B9DD90067156C /* Data+Int.swift in Sources */ = {isa = PBXBuildFile; fileRef = DF623F801D8B9DD90067156C /* Data+Int.swift */; };
		DF623F971D8B9DD90067156C /* HashAlgorithm.swift in Sources */ = {isa = PBXBuildFile; fileRef = DF623F821D8B9DD90067156C /* HashAlgorithm.swift */; };
		DF623F981D8B9DD90067156C /* HashFunction.swift in Sources */ = {isa = PBXBuildFile; fileRef = DF623F831D8B9DD90067156C /* HashFunction.swift */; };
		DF623F991D8B9DD90067156C /* HashFunctionOptions.swift in Sources */ = {isa = PBXBuildFile; fileRef = DF623F841D8B9DD90067156C /* HashFunctionOptions.swift */; };
		DF623F9A1D8B9DD90067156C /* MD5.swift in Sources */ = {isa = PBXBuildFile; fileRef = DF623F861D8B9DD90067156C /* MD5.swift */; };
		DF623F9B1D8B9DD90067156C /* SHA224.swift in Sources */ = {isa = PBXBuildFile; fileRef = DF623F881D8B9DD90067156C /* SHA224.swift */; };
		DF623F9C1D8B9DD90067156C /* SHA256.swift in Sources */ = {isa = PBXBuildFile; fileRef = DF623F891D8B9DD90067156C /* SHA256.swift */; };
		DF623F9D1D8B9DD90067156C /* SHA2Variant.swift in Sources */ = {isa = PBXBuildFile; fileRef = DF623F8A1D8B9DD90067156C /* SHA2Variant.swift */; };
		DF623F9E1D8B9DD90067156C /* SHA384.swift in Sources */ = {isa = PBXBuildFile; fileRef = DF623F8B1D8B9DD90067156C /* SHA384.swift */; };
		DF623F9F1D8B9DD90067156C /* SHA512.swift in Sources */ = {isa = PBXBuildFile; fileRef = DF623F8C1D8B9DD90067156C /* SHA512.swift */; };
		DF623FA01D8B9DD90067156C /* SHA1.swift in Sources */ = {isa = PBXBuildFile; fileRef = DF623F8D1D8B9DD90067156C /* SHA1.swift */; };
		DF623FA11D8B9DD90067156C /* MerkleDamgardConstructor.swift in Sources */ = {isa = PBXBuildFile; fileRef = DF623F8E1D8B9DD90067156C /* MerkleDamgardConstructor.swift */; };
		DF623FA21D8B9DD90067156C /* EndianRepresentable.swift in Sources */ = {isa = PBXBuildFile; fileRef = DF623F901D8B9DD90067156C /* EndianRepresentable.swift */; };
		DF623FA31D8B9DD90067156C /* ExpressibleByInt.swift in Sources */ = {isa = PBXBuildFile; fileRef = DF623F911D8B9DD90067156C /* ExpressibleByInt.swift */; };
		DF623FA41D8B9DD90067156C /* RotateOperations.swift in Sources */ = {isa = PBXBuildFile; fileRef = DF623F921D8B9DD90067156C /* RotateOperations.swift */; };
		DF623FA51D8B9DD90067156C /* ShiftOperations.swift in Sources */ = {isa = PBXBuildFile; fileRef = DF623F931D8B9DD90067156C /* ShiftOperations.swift */; };
		DF623FAA1D8BA5CA0067156C /* Data+HexString.swift in Sources */ = {isa = PBXBuildFile; fileRef = DF623FA61D8BA5CA0067156C /* Data+HexString.swift */; };
		DF623FAB1D8BA5CA0067156C /* MD5Tests.swift in Sources */ = {isa = PBXBuildFile; fileRef = DF623FA71D8BA5CA0067156C /* MD5Tests.swift */; };
		DF623FAC1D8BA5CA0067156C /* SHA1Tests.swift in Sources */ = {isa = PBXBuildFile; fileRef = DF623FA81D8BA5CA0067156C /* SHA1Tests.swift */; };
		DF623FAD1D8BA5CA0067156C /* SHA2Tests.swift in Sources */ = {isa = PBXBuildFile; fileRef = DF623FA91D8BA5CA0067156C /* SHA2Tests.swift */; };
		_LinkFileRef_CryptoKit_via_CryptoKitTests /* CryptoKit.framework in Frameworks */ = {isa = PBXBuildFile; fileRef = "_____Product_CryptoKit" /* CryptoKit.framework */; };
/* End PBXBuildFile section */

/* Begin PBXContainerItemProxy section */
		DF623F7B1D8B9B8B0067156C /* PBXContainerItemProxy */ = {
			isa = PBXContainerItemProxy;
			containerPortal = __RootObject_ /* Project object */;
			proxyType = 1;
			remoteGlobalIDString = "______Target_CryptoKit";
			remoteInfo = CryptoKit;
		};
/* End PBXContainerItemProxy section */

/* Begin PBXFileReference section */
		DF623F7D1D8B9DD90067156C /* HMAC.swift */ = {isa = PBXFileReference; fileEncoding = 4; lastKnownFileType = sourcecode.swift; path = HMAC.swift; sourceTree = "<group>"; };
		DF623F7F1D8B9DD90067156C /* Data+HashFunction.swift */ = {isa = PBXFileReference; fileEncoding = 4; lastKnownFileType = sourcecode.swift; path = "Data+HashFunction.swift"; sourceTree = "<group>"; };
		DF623F801D8B9DD90067156C /* Data+Int.swift */ = {isa = PBXFileReference; fileEncoding = 4; lastKnownFileType = sourcecode.swift; path = "Data+Int.swift"; sourceTree = "<group>"; };
		DF623F821D8B9DD90067156C /* HashAlgorithm.swift */ = {isa = PBXFileReference; fileEncoding = 4; lastKnownFileType = sourcecode.swift; path = HashAlgorithm.swift; sourceTree = "<group>"; };
		DF623F831D8B9DD90067156C /* HashFunction.swift */ = {isa = PBXFileReference; fileEncoding = 4; lastKnownFileType = sourcecode.swift; path = HashFunction.swift; sourceTree = "<group>"; };
		DF623F841D8B9DD90067156C /* HashFunctionOptions.swift */ = {isa = PBXFileReference; fileEncoding = 4; lastKnownFileType = sourcecode.swift; path = HashFunctionOptions.swift; sourceTree = "<group>"; };
		DF623F861D8B9DD90067156C /* MD5.swift */ = {isa = PBXFileReference; fileEncoding = 4; lastKnownFileType = sourcecode.swift; path = MD5.swift; sourceTree = "<group>"; };
		DF623F881D8B9DD90067156C /* SHA224.swift */ = {isa = PBXFileReference; fileEncoding = 4; lastKnownFileType = sourcecode.swift; path = SHA224.swift; sourceTree = "<group>"; };
		DF623F891D8B9DD90067156C /* SHA256.swift */ = {isa = PBXFileReference; fileEncoding = 4; lastKnownFileType = sourcecode.swift; path = SHA256.swift; sourceTree = "<group>"; };
		DF623F8A1D8B9DD90067156C /* SHA2Variant.swift */ = {isa = PBXFileReference; fileEncoding = 4; lastKnownFileType = sourcecode.swift; path = SHA2Variant.swift; sourceTree = "<group>"; };
		DF623F8B1D8B9DD90067156C /* SHA384.swift */ = {isa = PBXFileReference; fileEncoding = 4; lastKnownFileType = sourcecode.swift; path = SHA384.swift; sourceTree = "<group>"; };
		DF623F8C1D8B9DD90067156C /* SHA512.swift */ = {isa = PBXFileReference; fileEncoding = 4; lastKnownFileType = sourcecode.swift; path = SHA512.swift; sourceTree = "<group>"; };
		DF623F8D1D8B9DD90067156C /* SHA1.swift */ = {isa = PBXFileReference; fileEncoding = 4; lastKnownFileType = sourcecode.swift; path = SHA1.swift; sourceTree = "<group>"; };
		DF623F8E1D8B9DD90067156C /* MerkleDamgardConstructor.swift */ = {isa = PBXFileReference; fileEncoding = 4; lastKnownFileType = sourcecode.swift; path = MerkleDamgardConstructor.swift; sourceTree = "<group>"; };
		DF623F901D8B9DD90067156C /* EndianRepresentable.swift */ = {isa = PBXFileReference; fileEncoding = 4; lastKnownFileType = sourcecode.swift; path = EndianRepresentable.swift; sourceTree = "<group>"; };
		DF623F911D8B9DD90067156C /* ExpressibleByInt.swift */ = {isa = PBXFileReference; fileEncoding = 4; lastKnownFileType = sourcecode.swift; path = ExpressibleByInt.swift; sourceTree = "<group>"; };
		DF623F921D8B9DD90067156C /* RotateOperations.swift */ = {isa = PBXFileReference; fileEncoding = 4; lastKnownFileType = sourcecode.swift; path = RotateOperations.swift; sourceTree = "<group>"; };
		DF623F931D8B9DD90067156C /* ShiftOperations.swift */ = {isa = PBXFileReference; fileEncoding = 4; lastKnownFileType = sourcecode.swift; path = ShiftOperations.swift; sourceTree = "<group>"; };
		DF623FA61D8BA5CA0067156C /* Data+HexString.swift */ = {isa = PBXFileReference; fileEncoding = 4; lastKnownFileType = sourcecode.swift; path = "Data+HexString.swift"; sourceTree = "<group>"; };
		DF623FA71D8BA5CA0067156C /* MD5Tests.swift */ = {isa = PBXFileReference; fileEncoding = 4; lastKnownFileType = sourcecode.swift; path = MD5Tests.swift; sourceTree = "<group>"; };
		DF623FA81D8BA5CA0067156C /* SHA1Tests.swift */ = {isa = PBXFileReference; fileEncoding = 4; lastKnownFileType = sourcecode.swift; path = SHA1Tests.swift; sourceTree = "<group>"; };
		DF623FA91D8BA5CA0067156C /* SHA2Tests.swift */ = {isa = PBXFileReference; fileEncoding = 4; lastKnownFileType = sourcecode.swift; path = SHA2Tests.swift; sourceTree = "<group>"; };
		DF623FAE1D8BB1210067156C /* CryptoKit.playground */ = {isa = PBXFileReference; lastKnownFileType = file.playground; path = CryptoKit.playground; sourceTree = "<group>"; };
		__PBXFileRef_CryptoKit.xcodeproj/Configs/Project.xcconfig /* CryptoKit.xcodeproj/Configs/Project.xcconfig */ = {isa = PBXFileReference; lastKnownFileType = text.xcconfig; path = CryptoKit.xcodeproj/Configs/Project.xcconfig; sourceTree = "<group>"; };
		__PBXFileRef_Package.swift /* Package.swift */ = {isa = PBXFileReference; lastKnownFileType = sourcecode.swift; path = Package.swift; sourceTree = "<group>"; };
		"_____Product_CryptoKit" /* CryptoKit.framework */ = {isa = PBXFileReference; explicitFileType = wrapper.framework; path = CryptoKit.framework; sourceTree = BUILT_PRODUCTS_DIR; };
		"_____Product_CryptoKitTests" /* CryptoKitTests.xctest */ = {isa = PBXFileReference; explicitFileType = wrapper.cfbundle; path = CryptoKitTests.xctest; sourceTree = BUILT_PRODUCTS_DIR; };
/* End PBXFileReference section */

/* Begin PBXFrameworksBuildPhase section */
		"___LinkPhase_CryptoKit" /* Frameworks */ = {
			isa = PBXFrameworksBuildPhase;
			buildActionMask = 0;
			files = (
			);
			runOnlyForDeploymentPostprocessing = 0;
		};
		"___LinkPhase_CryptoKitTests" /* Frameworks */ = {
			isa = PBXFrameworksBuildPhase;
			buildActionMask = 0;
			files = (
				_LinkFileRef_CryptoKit_via_CryptoKitTests /* CryptoKit.framework in Frameworks */,
			);
			runOnlyForDeploymentPostprocessing = 0;
		};
/* End PBXFrameworksBuildPhase section */

/* Begin PBXGroup section */
		DF623F7C1D8B9DD90067156C /* Authentication */ = {
			isa = PBXGroup;
			children = (
				DF623F7D1D8B9DD90067156C /* HMAC.swift */,
			);
			path = Authentication;
			sourceTree = "<group>";
		};
		DF623F7E1D8B9DD90067156C /* Data Extensions */ = {
			isa = PBXGroup;
			children = (
				DF623F7F1D8B9DD90067156C /* Data+HashFunction.swift */,
				DF623F801D8B9DD90067156C /* Data+Int.swift */,
			);
			path = "Data Extensions";
			sourceTree = "<group>";
		};
		DF623F811D8B9DD90067156C /* Hash Algorithms */ = {
			isa = PBXGroup;
			children = (
				DF623F821D8B9DD90067156C /* HashAlgorithm.swift */,
				DF623F831D8B9DD90067156C /* HashFunction.swift */,
				DF623F841D8B9DD90067156C /* HashFunctionOptions.swift */,
				DF623F851D8B9DD90067156C /* Implementations */,
				DF623F8E1D8B9DD90067156C /* MerkleDamgardConstructor.swift */,
			);
			path = "Hash Algorithms";
			sourceTree = "<group>";
		};
		DF623F851D8B9DD90067156C /* Implementations */ = {
			isa = PBXGroup;
			children = (
				DF623F861D8B9DD90067156C /* MD5.swift */,
				DF623F871D8B9DD90067156C /* SHA-2 */,
				DF623F8D1D8B9DD90067156C /* SHA1.swift */,
			);
			path = Implementations;
			sourceTree = "<group>";
		};
		DF623F871D8B9DD90067156C /* SHA-2 */ = {
			isa = PBXGroup;
			children = (
				DF623F881D8B9DD90067156C /* SHA224.swift */,
				DF623F891D8B9DD90067156C /* SHA256.swift */,
				DF623F8A1D8B9DD90067156C /* SHA2Variant.swift */,
				DF623F8B1D8B9DD90067156C /* SHA384.swift */,
				DF623F8C1D8B9DD90067156C /* SHA512.swift */,
			);
			path = "SHA-2";
			sourceTree = "<group>";
		};
		DF623F8F1D8B9DD90067156C /* Math Protocols */ = {
			isa = PBXGroup;
			children = (
				DF623F901D8B9DD90067156C /* EndianRepresentable.swift */,
				DF623F911D8B9DD90067156C /* ExpressibleByInt.swift */,
				DF623F921D8B9DD90067156C /* RotateOperations.swift */,
				DF623F931D8B9DD90067156C /* ShiftOperations.swift */,
			);
			path = "Math Protocols";
			sourceTree = "<group>";
		};
		TestProducts_ /* Tests */ = {
			isa = PBXGroup;
			children = (
				"_____Product_CryptoKitTests" /* CryptoKitTests.xctest */,
			);
			name = Tests;
			sourceTree = "<group>";
		};
		"___RootGroup_" = {
			isa = PBXGroup;
			children = (
				DF623FAE1D8BB1210067156C /* CryptoKit.playground */,
				__PBXFileRef_Package.swift /* Package.swift */,
				"_____Configs_" /* Configs */,
				"_____Sources_" /* Sources */,
				"_______Tests_" /* Tests */,
				"____Products_" /* Products */,
			);
			sourceTree = "<group>";
		};
		"____Products_" /* Products */ = {
			isa = PBXGroup;
			children = (
				TestProducts_ /* Tests */,
				"_____Product_CryptoKit" /* CryptoKit.framework */,
			);
			name = Products;
			sourceTree = "<group>";
		};
		"_____Configs_" /* Configs */ = {
			isa = PBXGroup;
			children = (
				__PBXFileRef_CryptoKit.xcodeproj/Configs/Project.xcconfig /* CryptoKit.xcodeproj/Configs/Project.xcconfig */,
			);
			name = Configs;
			sourceTree = "<group>";
		};
		"_____Sources_" /* Sources */ = {
			isa = PBXGroup;
			children = (
				"_______Group_CryptoKit" /* CryptoKit */,
			);
			name = Sources;
			sourceTree = "<group>";
		};
		"_______Group_CryptoKit" /* CryptoKit */ = {
			isa = PBXGroup;
			children = (
				DF623F7C1D8B9DD90067156C /* Authentication */,
				DF623F7E1D8B9DD90067156C /* Data Extensions */,
				DF623F811D8B9DD90067156C /* Hash Algorithms */,
				DF623F8F1D8B9DD90067156C /* Math Protocols */,
			);
			name = CryptoKit;
			path = Sources/CryptoKit;
			sourceTree = "<group>";
		};
		"_______Group_CryptoKitTests" /* CryptoKitTests */ = {
			isa = PBXGroup;
			children = (
				DF623FA61D8BA5CA0067156C /* Data+HexString.swift */,
				DF623FA71D8BA5CA0067156C /* MD5Tests.swift */,
				DF623FA81D8BA5CA0067156C /* SHA1Tests.swift */,
				DF623FA91D8BA5CA0067156C /* SHA2Tests.swift */,
			);
			name = CryptoKitTests;
			path = Tests/CryptoKitTests;
			sourceTree = "<group>";
		};
		"_______Tests_" /* Tests */ = {
			isa = PBXGroup;
			children = (
				"_______Group_CryptoKitTests" /* CryptoKitTests */,
			);
			name = Tests;
			sourceTree = "<group>";
		};
/* End PBXGroup section */

/* Begin PBXNativeTarget section */
		"______Target_CryptoKit" /* CryptoKit */ = {
			isa = PBXNativeTarget;
			buildConfigurationList = "_______Confs_CryptoKit" /* Build configuration list for PBXNativeTarget "CryptoKit" */;
			buildPhases = (
				CompilePhase_CryptoKit /* Sources */,
				"___LinkPhase_CryptoKit" /* Frameworks */,
			);
			buildRules = (
			);
			dependencies = (
			);
			name = CryptoKit;
			productName = CryptoKit;
			productReference = "_____Product_CryptoKit" /* CryptoKit.framework */;
			productType = "com.apple.product-type.framework";
		};
		"______Target_CryptoKitTests" /* CryptoKitTests */ = {
			isa = PBXNativeTarget;
			buildConfigurationList = "_______Confs_CryptoKitTests" /* Build configuration list for PBXNativeTarget "CryptoKitTests" */;
			buildPhases = (
				CompilePhase_CryptoKitTests /* Sources */,
				"___LinkPhase_CryptoKitTests" /* Frameworks */,
			);
			buildRules = (
			);
			dependencies = (
				__Dependency_CryptoKit /* PBXTargetDependency */,
			);
			name = CryptoKitTests;
			productName = CryptoKitTests;
			productReference = "_____Product_CryptoKitTests" /* CryptoKitTests.xctest */;
			productType = "com.apple.product-type.bundle.unit-test";
		};
/* End PBXNativeTarget section */

/* Begin PBXProject section */
		__RootObject_ /* Project object */ = {
			isa = PBXProject;
			attributes = {
				LastUpgradeCheck = 9999;
			};
			buildConfigurationList = "___RootConfs_" /* Build configuration list for PBXProject "CryptoKit" */;
			compatibilityVersion = "Xcode 3.2";
			developmentRegion = English;
			hasScannedForEncodings = 0;
			knownRegions = (
				en,
			);
			mainGroup = "___RootGroup_";
			productRefGroup = "____Products_" /* Products */;
			projectDirPath = "";
			projectRoot = "";
			targets = (
				"______Target_CryptoKit" /* CryptoKit */,
				"______Target_CryptoKitTests" /* CryptoKitTests */,
			);
		};
/* End PBXProject section */

/* Begin PBXSourcesBuildPhase section */
		CompilePhase_CryptoKit /* Sources */ = {
			isa = PBXSourcesBuildPhase;
			buildActionMask = 0;
			files = (
				DF623FA41D8B9DD90067156C /* RotateOperations.swift in Sources */,
				DF623F9A1D8B9DD90067156C /* MD5.swift in Sources */,
				DF623F991D8B9DD90067156C /* HashFunctionOptions.swift in Sources */,
				DF623F941D8B9DD90067156C /* HMAC.swift in Sources */,
				DF623F9F1D8B9DD90067156C /* SHA512.swift in Sources */,
				DF623F9B1D8B9DD90067156C /* SHA224.swift in Sources */,
				DF623F971D8B9DD90067156C /* HashAlgorithm.swift in Sources */,
				DF623F9D1D8B9DD90067156C /* SHA2Variant.swift in Sources */,
				DF623F9C1D8B9DD90067156C /* SHA256.swift in Sources */,
				DF623F9E1D8B9DD90067156C /* SHA384.swift in Sources */,
				DF623FA21D8B9DD90067156C /* EndianRepresentable.swift in Sources */,
				DF623FA01D8B9DD90067156C /* SHA1.swift in Sources */,
				DF623F951D8B9DD90067156C /* Data+HashFunction.swift in Sources */,
				DF623FA11D8B9DD90067156C /* MerkleDamgardConstructor.swift in Sources */,
				DF623FA31D8B9DD90067156C /* ExpressibleByInt.swift in Sources */,
				DF623F961D8B9DD90067156C /* Data+Int.swift in Sources */,
				DF623FA51D8B9DD90067156C /* ShiftOperations.swift in Sources */,
				DF623F981D8B9DD90067156C /* HashFunction.swift in Sources */,
			);
			runOnlyForDeploymentPostprocessing = 0;
		};
		CompilePhase_CryptoKitTests /* Sources */ = {
			isa = PBXSourcesBuildPhase;
			buildActionMask = 0;
			files = (
				DF623FAA1D8BA5CA0067156C /* Data+HexString.swift in Sources */,
				DF623FAB1D8BA5CA0067156C /* MD5Tests.swift in Sources */,
				DF623FAC1D8BA5CA0067156C /* SHA1Tests.swift in Sources */,
				DF623FAD1D8BA5CA0067156C /* SHA2Tests.swift in Sources */,
			);
			runOnlyForDeploymentPostprocessing = 0;
		};
/* End PBXSourcesBuildPhase section */

/* Begin PBXTargetDependency section */
		__Dependency_CryptoKit /* PBXTargetDependency */ = {
			isa = PBXTargetDependency;
			target = "______Target_CryptoKit" /* CryptoKit */;
			targetProxy = DF623F7B1D8B9B8B0067156C /* PBXContainerItemProxy */;
		};
/* End PBXTargetDependency section */

/* Begin XCBuildConfiguration section */
		_ReleaseConf_CryptoKit /* Release */ = {
			isa = XCBuildConfiguration;
			buildSettings = {
				APPLICATION_EXTENSION_API_ONLY = YES;
				ENABLE_TESTABILITY = YES;
				FRAMEWORK_SEARCH_PATHS = "$(PLATFORM_DIR)/Developer/Library/Frameworks";
				INFOPLIST_FILE = CryptoKit.xcodeproj/CryptoKit_Info.plist;
				LD_RUNPATH_SEARCH_PATHS = "$(TOOLCHAIN_DIR)/usr/lib/swift/macosx";
				OTHER_LDFLAGS = "$(inherited)";
				OTHER_SWIFT_FLAGS = "$(inherited)";
				PRODUCT_BUNDLE_IDENTIFIER = CryptoKit;
				PRODUCT_MODULE_NAME = "$(TARGET_NAME:c99extidentifier)";
				PRODUCT_NAME = "$(TARGET_NAME:c99extidentifier)";
				SWIFT_VERSION = 3.0;
			};
			name = Release;
		};
		_ReleaseConf_CryptoKitTests /* Release */ = {
			isa = XCBuildConfiguration;
			buildSettings = {
				ALWAYS_EMBED_SWIFT_STANDARD_LIBRARIES = YES;
				EMBEDDED_CONTENT_CONTAINS_SWIFT = YES;
				FRAMEWORK_SEARCH_PATHS = "$(PLATFORM_DIR)/Developer/Library/Frameworks";
				INFOPLIST_FILE = CryptoKit.xcodeproj/CryptoKitTests_Info.plist;
				LD_RUNPATH_SEARCH_PATHS = "@loader_path/../Frameworks @loader_path/Frameworks @executable_path/../Frameworks @executable_path/Frameworks";
				OTHER_LDFLAGS = "$(inherited)";
				OTHER_SWIFT_FLAGS = "$(inherited)";
				SWIFT_VERSION = 3.0;
			};
			name = Release;
		};
		"___DebugConf_CryptoKit" /* Debug */ = {
			isa = XCBuildConfiguration;
			buildSettings = {
				APPLICATION_EXTENSION_API_ONLY = YES;
				ENABLE_TESTABILITY = YES;
				FRAMEWORK_SEARCH_PATHS = "$(PLATFORM_DIR)/Developer/Library/Frameworks";
				INFOPLIST_FILE = CryptoKit.xcodeproj/CryptoKit_Info.plist;
				LD_RUNPATH_SEARCH_PATHS = "$(TOOLCHAIN_DIR)/usr/lib/swift/macosx";
				OTHER_LDFLAGS = "$(inherited)";
				OTHER_SWIFT_FLAGS = "$(inherited)";
				PRODUCT_BUNDLE_IDENTIFIER = CryptoKit;
				PRODUCT_MODULE_NAME = "$(TARGET_NAME:c99extidentifier)";
				PRODUCT_NAME = "$(TARGET_NAME:c99extidentifier)";
				SWIFT_OPTIMIZATION_LEVEL = "-Onone";
				SWIFT_VERSION = 3.0;
			};
			name = Debug;
		};
		"___DebugConf_CryptoKitTests" /* Debug */ = {
			isa = XCBuildConfiguration;
			buildSettings = {
				ALWAYS_EMBED_SWIFT_STANDARD_LIBRARIES = YES;
				EMBEDDED_CONTENT_CONTAINS_SWIFT = YES;
				FRAMEWORK_SEARCH_PATHS = "$(PLATFORM_DIR)/Developer/Library/Frameworks";
				INFOPLIST_FILE = CryptoKit.xcodeproj/CryptoKitTests_Info.plist;
				LD_RUNPATH_SEARCH_PATHS = "@loader_path/../Frameworks @loader_path/Frameworks @executable_path/../Frameworks @executable_path/Frameworks";
				OTHER_LDFLAGS = "$(inherited)";
				OTHER_SWIFT_FLAGS = "$(inherited)";
				SWIFT_OPTIMIZATION_LEVEL = "-Onone";
				SWIFT_VERSION = 3.0;
			};
			name = Debug;
		};
		"_____Release_" /* Release */ = {
			isa = XCBuildConfiguration;
			baseConfigurationReference = __PBXFileRef_CryptoKit.xcodeproj/Configs/Project.xcconfig /* CryptoKit.xcodeproj/Configs/Project.xcconfig */;
			buildSettings = {
			};
			name = Release;
		};
		"_______Debug_" /* Debug */ = {
			isa = XCBuildConfiguration;
			baseConfigurationReference = __PBXFileRef_CryptoKit.xcodeproj/Configs/Project.xcconfig /* CryptoKit.xcodeproj/Configs/Project.xcconfig */;
			buildSettings = {
			};
			name = Debug;
		};
/* End XCBuildConfiguration section */

/* Begin XCConfigurationList section */
		"___RootConfs_" /* Build configuration list for PBXProject "CryptoKit" */ = {
			isa = XCConfigurationList;
			buildConfigurations = (
				"_______Debug_" /* Debug */,
				"_____Release_" /* Release */,
			);
			defaultConfigurationIsVisible = 0;
			defaultConfigurationName = Debug;
		};
		"_______Confs_CryptoKit" /* Build configuration list for PBXNativeTarget "CryptoKit" */ = {
			isa = XCConfigurationList;
			buildConfigurations = (
				"___DebugConf_CryptoKit" /* Debug */,
				_ReleaseConf_CryptoKit /* Release */,
			);
			defaultConfigurationIsVisible = 0;
			defaultConfigurationName = Debug;
		};
		"_______Confs_CryptoKitTests" /* Build configuration list for PBXNativeTarget "CryptoKitTests" */ = {
			isa = XCConfigurationList;
			buildConfigurations = (
				"___DebugConf_CryptoKitTests" /* Debug */,
				_ReleaseConf_CryptoKitTests /* Release */,
			);
			defaultConfigurationIsVisible = 0;
			defaultConfigurationName = Debug;
		};
/* End XCConfigurationList section */
	};
	rootObject = __RootObject_ /* Project object */;
}
