// !$*UTF8*$!
{
	archiveVersion = 1;
	classes = {
	};
	objectVersion = 46;
	objects = {

/* Begin PBXBuildFile section */
		DFD16A621D72E77300ACDBC8 /* CryptoKit.h in Headers */ = {isa = PBXBuildFile; fileRef = DFD16A601D72E73300ACDBC8 /* CryptoKit.h */; settings = {ATTRIBUTES = (Public, ); }; };
		DFD16A631D72E77400ACDBC8 /* CryptoKit.h in Headers */ = {isa = PBXBuildFile; fileRef = DFD16A601D72E73300ACDBC8 /* CryptoKit.h */; settings = {ATTRIBUTES = (Public, ); }; };
		DFD16A641D72E77400ACDBC8 /* CryptoKit.h in Headers */ = {isa = PBXBuildFile; fileRef = DFD16A601D72E73300ACDBC8 /* CryptoKit.h */; settings = {ATTRIBUTES = (Public, ); }; };
		DFD16A671D72EE7D00ACDBC8 /* MD5.swift in Sources */ = {isa = PBXBuildFile; fileRef = DFD16A661D72EE7D00ACDBC8 /* MD5.swift */; };
		DFD16A681D72EE7D00ACDBC8 /* MD5.swift in Sources */ = {isa = PBXBuildFile; fileRef = DFD16A661D72EE7D00ACDBC8 /* MD5.swift */; };
		DFD16A691D72EE7D00ACDBC8 /* MD5.swift in Sources */ = {isa = PBXBuildFile; fileRef = DFD16A661D72EE7D00ACDBC8 /* MD5.swift */; };
		DFDEB6271D7348C300FEE448 /* Data+Int.swift in Sources */ = {isa = PBXBuildFile; fileRef = DFDEB6261D7348C300FEE448 /* Data+Int.swift */; };
		DFDEB6281D7348C300FEE448 /* Data+Int.swift in Sources */ = {isa = PBXBuildFile; fileRef = DFDEB6261D7348C300FEE448 /* Data+Int.swift */; };
		DFDEB6291D7348C300FEE448 /* Data+Int.swift in Sources */ = {isa = PBXBuildFile; fileRef = DFDEB6261D7348C300FEE448 /* Data+Int.swift */; };
		DFDEB62B1D7350C100FEE448 /* BitwiseRotate.swift in Sources */ = {isa = PBXBuildFile; fileRef = DFDEB62A1D7350C100FEE448 /* BitwiseRotate.swift */; };
		DFDEB62C1D7350C100FEE448 /* BitwiseRotate.swift in Sources */ = {isa = PBXBuildFile; fileRef = DFDEB62A1D7350C100FEE448 /* BitwiseRotate.swift */; };
		DFDEB62D1D7350C100FEE448 /* BitwiseRotate.swift in Sources */ = {isa = PBXBuildFile; fileRef = DFDEB62A1D7350C100FEE448 /* BitwiseRotate.swift */; };
/* End PBXBuildFile section */

/* Begin PBXFileReference section */
		DFD16A3C1D72E67200ACDBC8 /* CryptoKit.framework */ = {isa = PBXFileReference; explicitFileType = wrapper.framework; includeInIndex = 0; path = CryptoKit.framework; sourceTree = BUILT_PRODUCTS_DIR; };
		DFD16A4A1D72E68400ACDBC8 /* CryptoKit.framework */ = {isa = PBXFileReference; explicitFileType = wrapper.framework; includeInIndex = 0; path = CryptoKit.framework; sourceTree = BUILT_PRODUCTS_DIR; };
		DFD16A571D72E6B400ACDBC8 /* CryptoKit.framework */ = {isa = PBXFileReference; explicitFileType = wrapper.framework; includeInIndex = 0; path = CryptoKit.framework; sourceTree = BUILT_PRODUCTS_DIR; };
		DFD16A601D72E73300ACDBC8 /* CryptoKit.h */ = {isa = PBXFileReference; lastKnownFileType = sourcecode.c.h; path = CryptoKit.h; sourceTree = "<group>"; };
		DFD16A611D72E73300ACDBC8 /* Info.plist */ = {isa = PBXFileReference; lastKnownFileType = text.plist.xml; path = Info.plist; sourceTree = "<group>"; };
		DFD16A661D72EE7D00ACDBC8 /* MD5.swift */ = {isa = PBXFileReference; fileEncoding = 4; lastKnownFileType = sourcecode.swift; path = MD5.swift; sourceTree = "<group>"; };
		DFDEB6261D7348C300FEE448 /* Data+Int.swift */ = {isa = PBXFileReference; fileEncoding = 4; lastKnownFileType = sourcecode.swift; path = "Data+Int.swift"; sourceTree = "<group>"; };
		DFDEB62A1D7350C100FEE448 /* BitwiseRotate.swift */ = {isa = PBXFileReference; fileEncoding = 4; lastKnownFileType = sourcecode.swift; path = BitwiseRotate.swift; sourceTree = "<group>"; };
/* End PBXFileReference section */

/* Begin PBXFrameworksBuildPhase section */
		DFD16A381D72E67200ACDBC8 /* Frameworks */ = {
			isa = PBXFrameworksBuildPhase;
			buildActionMask = 2147483647;
			files = (
			);
			runOnlyForDeploymentPostprocessing = 0;
		};
		DFD16A461D72E68400ACDBC8 /* Frameworks */ = {
			isa = PBXFrameworksBuildPhase;
			buildActionMask = 2147483647;
			files = (
			);
			runOnlyForDeploymentPostprocessing = 0;
		};
		DFD16A531D72E6B400ACDBC8 /* Frameworks */ = {
			isa = PBXFrameworksBuildPhase;
			buildActionMask = 2147483647;
			files = (
			);
			runOnlyForDeploymentPostprocessing = 0;
		};
/* End PBXFrameworksBuildPhase section */

/* Begin PBXGroup section */
		DF74E9AD1D73DE6200B8D700 /* Data Extensions */ = {
			isa = PBXGroup;
			children = (
				DFDEB6261D7348C300FEE448 /* Data+Int.swift */,
			);
			path = "Data Extensions";
			sourceTree = "<group>";
		};
		DF74E9AE1D73DE7000B8D700 /* Bitwise Operations */ = {
			isa = PBXGroup;
			children = (
				DFDEB62A1D7350C100FEE448 /* BitwiseRotate.swift */,
			);
			path = "Bitwise Operations";
			sourceTree = "<group>";
		};
		DFD16A301D72E62C00ACDBC8 = {
			isa = PBXGroup;
			children = (
				DFD16A5F1D72E73300ACDBC8 /* Sources */,
				DFD16A3D1D72E67200ACDBC8 /* Products */,
			);
			sourceTree = "<group>";
		};
		DFD16A3D1D72E67200ACDBC8 /* Products */ = {
			isa = PBXGroup;
			children = (
				DFD16A3C1D72E67200ACDBC8 /* CryptoKit.framework */,
				DFD16A4A1D72E68400ACDBC8 /* CryptoKit.framework */,
				DFD16A571D72E6B400ACDBC8 /* CryptoKit.framework */,
			);
			name = Products;
			sourceTree = "<group>";
		};
		DFD16A5F1D72E73300ACDBC8 /* Sources */ = {
			isa = PBXGroup;
			children = (
				DFD16A661D72EE7D00ACDBC8 /* MD5.swift */,
				DF74E9AD1D73DE6200B8D700 /* Data Extensions */,
				DF74E9AE1D73DE7000B8D700 /* Bitwise Operations */,
				DFD16A651D72EA3700ACDBC8 /* Supporting Files */,
			);
			path = Sources;
			sourceTree = "<group>";
		};
		DFD16A651D72EA3700ACDBC8 /* Supporting Files */ = {
			isa = PBXGroup;
			children = (
				DFD16A601D72E73300ACDBC8 /* CryptoKit.h */,
				DFD16A611D72E73300ACDBC8 /* Info.plist */,
			);
			name = "Supporting Files";
			sourceTree = "<group>";
		};
/* End PBXGroup section */

/* Begin PBXHeadersBuildPhase section */
		DFD16A391D72E67200ACDBC8 /* Headers */ = {
			isa = PBXHeadersBuildPhase;
			buildActionMask = 2147483647;
			files = (
				DFD16A621D72E77300ACDBC8 /* CryptoKit.h in Headers */,
			);
			runOnlyForDeploymentPostprocessing = 0;
		};
		DFD16A471D72E68400ACDBC8 /* Headers */ = {
			isa = PBXHeadersBuildPhase;
			buildActionMask = 2147483647;
			files = (
				DFD16A631D72E77400ACDBC8 /* CryptoKit.h in Headers */,
			);
			runOnlyForDeploymentPostprocessing = 0;
		};
		DFD16A541D72E6B400ACDBC8 /* Headers */ = {
			isa = PBXHeadersBuildPhase;
			buildActionMask = 2147483647;
			files = (
				DFD16A641D72E77400ACDBC8 /* CryptoKit.h in Headers */,
			);
			runOnlyForDeploymentPostprocessing = 0;
		};
/* End PBXHeadersBuildPhase section */

/* Begin PBXNativeTarget section */
		DFD16A3B1D72E67200ACDBC8 /* CryptoKit macOS */ = {
			isa = PBXNativeTarget;
			buildConfigurationList = DFD16A421D72E67200ACDBC8 /* Build configuration list for PBXNativeTarget "CryptoKit macOS" */;
			buildPhases = (
				DFD16A371D72E67200ACDBC8 /* Sources */,
				DFD16A381D72E67200ACDBC8 /* Frameworks */,
				DFD16A391D72E67200ACDBC8 /* Headers */,
				DFD16A3A1D72E67200ACDBC8 /* Resources */,
			);
			buildRules = (
			);
			dependencies = (
			);
			name = "CryptoKit macOS";
			productName = "CryptoKit macOS";
			productReference = DFD16A3C1D72E67200ACDBC8 /* CryptoKit.framework */;
			productType = "com.apple.product-type.framework";
		};
		DFD16A491D72E68400ACDBC8 /* CryptoKit iOS */ = {
			isa = PBXNativeTarget;
			buildConfigurationList = DFD16A4F1D72E68400ACDBC8 /* Build configuration list for PBXNativeTarget "CryptoKit iOS" */;
			buildPhases = (
				DFD16A451D72E68400ACDBC8 /* Sources */,
				DFD16A461D72E68400ACDBC8 /* Frameworks */,
				DFD16A471D72E68400ACDBC8 /* Headers */,
				DFD16A481D72E68400ACDBC8 /* Resources */,
			);
			buildRules = (
			);
			dependencies = (
			);
			name = "CryptoKit iOS";
			productName = "CryptoKit iOS";
			productReference = DFD16A4A1D72E68400ACDBC8 /* CryptoKit.framework */;
			productType = "com.apple.product-type.framework";
		};
		DFD16A561D72E6B400ACDBC8 /* CryptoKit watchOS */ = {
			isa = PBXNativeTarget;
			buildConfigurationList = DFD16A5C1D72E6B400ACDBC8 /* Build configuration list for PBXNativeTarget "CryptoKit watchOS" */;
			buildPhases = (
				DFD16A521D72E6B400ACDBC8 /* Sources */,
				DFD16A531D72E6B400ACDBC8 /* Frameworks */,
				DFD16A541D72E6B400ACDBC8 /* Headers */,
				DFD16A551D72E6B400ACDBC8 /* Resources */,
			);
			buildRules = (
			);
			dependencies = (
			);
			name = "CryptoKit watchOS";
			productName = "CryptoKit watchOS";
			productReference = DFD16A571D72E6B400ACDBC8 /* CryptoKit.framework */;
			productType = "com.apple.product-type.framework";
		};
/* End PBXNativeTarget section */

/* Begin PBXProject section */
		DFD16A311D72E62C00ACDBC8 /* Project object */ = {
			isa = PBXProject;
			attributes = {
				LastUpgradeCheck = 0800;
				TargetAttributes = {
					DFD16A3B1D72E67200ACDBC8 = {
						CreatedOnToolsVersion = 8.0;
						LastSwiftMigration = 0800;
						ProvisioningStyle = Automatic;
					};
					DFD16A491D72E68400ACDBC8 = {
						CreatedOnToolsVersion = 8.0;
						LastSwiftMigration = 0800;
						ProvisioningStyle = Automatic;
					};
					DFD16A561D72E6B400ACDBC8 = {
						CreatedOnToolsVersion = 8.0;
						LastSwiftMigration = 0800;
						ProvisioningStyle = Automatic;
					};
				};
			};
			buildConfigurationList = DFD16A341D72E62C00ACDBC8 /* Build configuration list for PBXProject "CryptoKit" */;
			compatibilityVersion = "Xcode 3.2";
			developmentRegion = English;
			hasScannedForEncodings = 0;
			knownRegions = (
				en,
			);
			mainGroup = DFD16A301D72E62C00ACDBC8;
			productRefGroup = DFD16A3D1D72E67200ACDBC8 /* Products */;
			projectDirPath = "";
			projectRoot = "";
			targets = (
				DFD16A3B1D72E67200ACDBC8 /* CryptoKit macOS */,
				DFD16A491D72E68400ACDBC8 /* CryptoKit iOS */,
				DFD16A561D72E6B400ACDBC8 /* CryptoKit watchOS */,
			);
		};
/* End PBXProject section */

/* Begin PBXResourcesBuildPhase section */
		DFD16A3A1D72E67200ACDBC8 /* Resources */ = {
			isa = PBXResourcesBuildPhase;
			buildActionMask = 2147483647;
			files = (
			);
			runOnlyForDeploymentPostprocessing = 0;
		};
		DFD16A481D72E68400ACDBC8 /* Resources */ = {
			isa = PBXResourcesBuildPhase;
			buildActionMask = 2147483647;
			files = (
			);
			runOnlyForDeploymentPostprocessing = 0;
		};
		DFD16A551D72E6B400ACDBC8 /* Resources */ = {
			isa = PBXResourcesBuildPhase;
			buildActionMask = 2147483647;
			files = (
			);
			runOnlyForDeploymentPostprocessing = 0;
		};
/* End PBXResourcesBuildPhase section */

/* Begin PBXSourcesBuildPhase section */
		DFD16A371D72E67200ACDBC8 /* Sources */ = {
			isa = PBXSourcesBuildPhase;
			buildActionMask = 2147483647;
			files = (
				DFD16A671D72EE7D00ACDBC8 /* MD5.swift in Sources */,
				DFDEB62B1D7350C100FEE448 /* BitwiseRotate.swift in Sources */,
				DFDEB6271D7348C300FEE448 /* Data+Int.swift in Sources */,
			);
			runOnlyForDeploymentPostprocessing = 0;
		};
		DFD16A451D72E68400ACDBC8 /* Sources */ = {
			isa = PBXSourcesBuildPhase;
			buildActionMask = 2147483647;
			files = (
				DFD16A681D72EE7D00ACDBC8 /* MD5.swift in Sources */,
				DFDEB62C1D7350C100FEE448 /* BitwiseRotate.swift in Sources */,
				DFDEB6281D7348C300FEE448 /* Data+Int.swift in Sources */,
			);
			runOnlyForDeploymentPostprocessing = 0;
		};
		DFD16A521D72E6B400ACDBC8 /* Sources */ = {
			isa = PBXSourcesBuildPhase;
			buildActionMask = 2147483647;
			files = (
				DFD16A691D72EE7D00ACDBC8 /* MD5.swift in Sources */,
				DFDEB62D1D7350C100FEE448 /* BitwiseRotate.swift in Sources */,
				DFDEB6291D7348C300FEE448 /* Data+Int.swift in Sources */,
			);
			runOnlyForDeploymentPostprocessing = 0;
		};
/* End PBXSourcesBuildPhase section */

/* Begin XCBuildConfiguration section */
		DFD16A351D72E62C00ACDBC8 /* Debug */ = {
			isa = XCBuildConfiguration;
			buildSettings = {
			};
			name = Debug;
		};
		DFD16A361D72E62C00ACDBC8 /* Release */ = {
			isa = XCBuildConfiguration;
			buildSettings = {
			};
			name = Release;
		};
		DFD16A431D72E67200ACDBC8 /* Debug */ = {
			isa = XCBuildConfiguration;
			buildSettings = {
				ALWAYS_SEARCH_USER_PATHS = NO;
				APPLICATION_EXTENSION_API_ONLY = YES;
				CLANG_ANALYZER_NONNULL = YES;
				CLANG_CXX_LANGUAGE_STANDARD = "gnu++0x";
				CLANG_CXX_LIBRARY = "libc++";
				CLANG_ENABLE_MODULES = YES;
				CLANG_ENABLE_OBJC_ARC = YES;
				CLANG_WARN_BOOL_CONVERSION = YES;
				CLANG_WARN_CONSTANT_CONVERSION = YES;
				CLANG_WARN_DIRECT_OBJC_ISA_USAGE = YES_ERROR;
				CLANG_WARN_DOCUMENTATION_COMMENTS = YES;
				CLANG_WARN_EMPTY_BODY = YES;
				CLANG_WARN_ENUM_CONVERSION = YES;
				CLANG_WARN_INFINITE_RECURSION = YES;
				CLANG_WARN_INT_CONVERSION = YES;
				CLANG_WARN_OBJC_ROOT_CLASS = YES_ERROR;
				CLANG_WARN_SUSPICIOUS_MOVES = YES;
				CLANG_WARN_UNREACHABLE_CODE = YES;
				CLANG_WARN__DUPLICATE_METHOD_MATCH = YES;
				CODE_SIGN_IDENTITY = "-";
				COMBINE_HIDPI_IMAGES = YES;
				COPY_PHASE_STRIP = NO;
				CURRENT_PROJECT_VERSION = 1;
				DEBUG_INFORMATION_FORMAT = dwarf;
				DEFINES_MODULE = YES;
				DYLIB_COMPATIBILITY_VERSION = 1;
				DYLIB_CURRENT_VERSION = 1;
				DYLIB_INSTALL_NAME_BASE = "@rpath";
				ENABLE_STRICT_OBJC_MSGSEND = YES;
				ENABLE_TESTABILITY = YES;
				FRAMEWORK_VERSION = A;
				GCC_C_LANGUAGE_STANDARD = gnu99;
				GCC_DYNAMIC_NO_PIC = NO;
				GCC_NO_COMMON_BLOCKS = YES;
				GCC_OPTIMIZATION_LEVEL = 0;
				GCC_PREPROCESSOR_DEFINITIONS = (
					"DEBUG=1",
					"$(inherited)",
				);
				GCC_WARN_64_TO_32_BIT_CONVERSION = YES;
				GCC_WARN_ABOUT_RETURN_TYPE = YES_ERROR;
				GCC_WARN_UNDECLARED_SELECTOR = YES;
				GCC_WARN_UNINITIALIZED_AUTOS = YES_AGGRESSIVE;
				GCC_WARN_UNUSED_FUNCTION = YES;
				GCC_WARN_UNUSED_VARIABLE = YES;
				INFOPLIST_FILE = Sources/Info.plist;
				INSTALL_PATH = "$(LOCAL_LIBRARY_DIR)/Frameworks";
				LD_RUNPATH_SEARCH_PATHS = "$(inherited) @executable_path/../Frameworks @loader_path/Frameworks";
				MACOSX_DEPLOYMENT_TARGET = 10.11;
				MTL_ENABLE_DEBUG_INFO = YES;
				ONLY_ACTIVE_ARCH = YES;
				PRODUCT_BUNDLE_IDENTIFIER = "xyz.chrisamanse.CryptoKit-macOS";
				PRODUCT_NAME = CryptoKit;
				SDKROOT = macosx;
				SKIP_INSTALL = YES;
				SWIFT_ACTIVE_COMPILATION_CONDITIONS = DEBUG;
				SWIFT_OPTIMIZATION_LEVEL = "-Onone";
				SWIFT_VERSION = 3.0;
				VERSIONING_SYSTEM = "apple-generic";
				VERSION_INFO_PREFIX = "";
			};
			name = Debug;
		};
		DFD16A441D72E67200ACDBC8 /* Release */ = {
			isa = XCBuildConfiguration;
			buildSettings = {
				ALWAYS_SEARCH_USER_PATHS = NO;
				APPLICATION_EXTENSION_API_ONLY = YES;
				CLANG_ANALYZER_NONNULL = YES;
				CLANG_CXX_LANGUAGE_STANDARD = "gnu++0x";
				CLANG_CXX_LIBRARY = "libc++";
				CLANG_ENABLE_MODULES = YES;
				CLANG_ENABLE_OBJC_ARC = YES;
				CLANG_WARN_BOOL_CONVERSION = YES;
				CLANG_WARN_CONSTANT_CONVERSION = YES;
				CLANG_WARN_DIRECT_OBJC_ISA_USAGE = YES_ERROR;
				CLANG_WARN_DOCUMENTATION_COMMENTS = YES;
				CLANG_WARN_EMPTY_BODY = YES;
				CLANG_WARN_ENUM_CONVERSION = YES;
				CLANG_WARN_INFINITE_RECURSION = YES;
				CLANG_WARN_INT_CONVERSION = YES;
				CLANG_WARN_OBJC_ROOT_CLASS = YES_ERROR;
				CLANG_WARN_SUSPICIOUS_MOVES = YES;
				CLANG_WARN_UNREACHABLE_CODE = YES;
				CLANG_WARN__DUPLICATE_METHOD_MATCH = YES;
				CODE_SIGN_IDENTITY = "-";
				COMBINE_HIDPI_IMAGES = YES;
				COPY_PHASE_STRIP = NO;
				CURRENT_PROJECT_VERSION = 1;
				DEBUG_INFORMATION_FORMAT = "dwarf-with-dsym";
				DEFINES_MODULE = YES;
				DYLIB_COMPATIBILITY_VERSION = 1;
				DYLIB_CURRENT_VERSION = 1;
				DYLIB_INSTALL_NAME_BASE = "@rpath";
				ENABLE_NS_ASSERTIONS = NO;
				ENABLE_STRICT_OBJC_MSGSEND = YES;
				FRAMEWORK_VERSION = A;
				GCC_C_LANGUAGE_STANDARD = gnu99;
				GCC_NO_COMMON_BLOCKS = YES;
				GCC_WARN_64_TO_32_BIT_CONVERSION = YES;
				GCC_WARN_ABOUT_RETURN_TYPE = YES_ERROR;
				GCC_WARN_UNDECLARED_SELECTOR = YES;
				GCC_WARN_UNINITIALIZED_AUTOS = YES_AGGRESSIVE;
				GCC_WARN_UNUSED_FUNCTION = YES;
				GCC_WARN_UNUSED_VARIABLE = YES;
				INFOPLIST_FILE = Sources/Info.plist;
				INSTALL_PATH = "$(LOCAL_LIBRARY_DIR)/Frameworks";
				LD_RUNPATH_SEARCH_PATHS = "$(inherited) @executable_path/../Frameworks @loader_path/Frameworks";
				MACOSX_DEPLOYMENT_TARGET = 10.11;
				MTL_ENABLE_DEBUG_INFO = NO;
				PRODUCT_BUNDLE_IDENTIFIER = "xyz.chrisamanse.CryptoKit-macOS";
				PRODUCT_NAME = CryptoKit;
				SDKROOT = macosx;
				SKIP_INSTALL = YES;
				SWIFT_OPTIMIZATION_LEVEL = "-Owholemodule";
				SWIFT_VERSION = 3.0;
				VERSIONING_SYSTEM = "apple-generic";
				VERSION_INFO_PREFIX = "";
			};
			name = Release;
		};
		DFD16A501D72E68400ACDBC8 /* Debug */ = {
			isa = XCBuildConfiguration;
			buildSettings = {
				ALWAYS_SEARCH_USER_PATHS = NO;
				APPLICATION_EXTENSION_API_ONLY = YES;
				CLANG_ANALYZER_NONNULL = YES;
				CLANG_CXX_LANGUAGE_STANDARD = "gnu++0x";
				CLANG_CXX_LIBRARY = "libc++";
				CLANG_ENABLE_MODULES = YES;
				CLANG_ENABLE_OBJC_ARC = YES;
				CLANG_WARN_BOOL_CONVERSION = YES;
				CLANG_WARN_CONSTANT_CONVERSION = YES;
				CLANG_WARN_DIRECT_OBJC_ISA_USAGE = YES_ERROR;
				CLANG_WARN_DOCUMENTATION_COMMENTS = YES;
				CLANG_WARN_EMPTY_BODY = YES;
				CLANG_WARN_ENUM_CONVERSION = YES;
				CLANG_WARN_INFINITE_RECURSION = YES;
				CLANG_WARN_INT_CONVERSION = YES;
				CLANG_WARN_OBJC_ROOT_CLASS = YES_ERROR;
				CLANG_WARN_SUSPICIOUS_MOVES = YES;
				CLANG_WARN_UNREACHABLE_CODE = YES;
				CLANG_WARN__DUPLICATE_METHOD_MATCH = YES;
				CODE_SIGN_IDENTITY = "";
				"CODE_SIGN_IDENTITY[sdk=iphoneos*]" = "iPhone Developer";
				COPY_PHASE_STRIP = NO;
				CURRENT_PROJECT_VERSION = 1;
				DEBUG_INFORMATION_FORMAT = dwarf;
				DEFINES_MODULE = YES;
				DYLIB_COMPATIBILITY_VERSION = 1;
				DYLIB_CURRENT_VERSION = 1;
				DYLIB_INSTALL_NAME_BASE = "@rpath";
				ENABLE_STRICT_OBJC_MSGSEND = YES;
				ENABLE_TESTABILITY = YES;
				GCC_C_LANGUAGE_STANDARD = gnu99;
				GCC_DYNAMIC_NO_PIC = NO;
				GCC_NO_COMMON_BLOCKS = YES;
				GCC_OPTIMIZATION_LEVEL = 0;
				GCC_PREPROCESSOR_DEFINITIONS = (
					"DEBUG=1",
					"$(inherited)",
				);
				GCC_WARN_64_TO_32_BIT_CONVERSION = YES;
				GCC_WARN_ABOUT_RETURN_TYPE = YES_ERROR;
				GCC_WARN_UNDECLARED_SELECTOR = YES;
				GCC_WARN_UNINITIALIZED_AUTOS = YES_AGGRESSIVE;
				GCC_WARN_UNUSED_FUNCTION = YES;
				GCC_WARN_UNUSED_VARIABLE = YES;
				INFOPLIST_FILE = Sources/Info.plist;
				INSTALL_PATH = "$(LOCAL_LIBRARY_DIR)/Frameworks";
				IPHONEOS_DEPLOYMENT_TARGET = 9.0;
				LD_RUNPATH_SEARCH_PATHS = "$(inherited) @executable_path/Frameworks @loader_path/Frameworks";
				MTL_ENABLE_DEBUG_INFO = YES;
				ONLY_ACTIVE_ARCH = YES;
				PRODUCT_BUNDLE_IDENTIFIER = "xyz.chrisamanse.CryptoKit-iOS";
				PRODUCT_NAME = CryptoKit;
				SDKROOT = iphoneos;
				SKIP_INSTALL = YES;
				SWIFT_ACTIVE_COMPILATION_CONDITIONS = DEBUG;
				SWIFT_OPTIMIZATION_LEVEL = "-Onone";
				SWIFT_VERSION = 3.0;
				TARGETED_DEVICE_FAMILY = "1,2";
				VERSIONING_SYSTEM = "apple-generic";
				VERSION_INFO_PREFIX = "";
			};
			name = Debug;
		};
		DFD16A511D72E68400ACDBC8 /* Release */ = {
			isa = XCBuildConfiguration;
			buildSettings = {
				ALWAYS_SEARCH_USER_PATHS = NO;
				APPLICATION_EXTENSION_API_ONLY = YES;
				CLANG_ANALYZER_NONNULL = YES;
				CLANG_CXX_LANGUAGE_STANDARD = "gnu++0x";
				CLANG_CXX_LIBRARY = "libc++";
				CLANG_ENABLE_MODULES = YES;
				CLANG_ENABLE_OBJC_ARC = YES;
				CLANG_WARN_BOOL_CONVERSION = YES;
				CLANG_WARN_CONSTANT_CONVERSION = YES;
				CLANG_WARN_DIRECT_OBJC_ISA_USAGE = YES_ERROR;
				CLANG_WARN_DOCUMENTATION_COMMENTS = YES;
				CLANG_WARN_EMPTY_BODY = YES;
				CLANG_WARN_ENUM_CONVERSION = YES;
				CLANG_WARN_INFINITE_RECURSION = YES;
				CLANG_WARN_INT_CONVERSION = YES;
				CLANG_WARN_OBJC_ROOT_CLASS = YES_ERROR;
				CLANG_WARN_SUSPICIOUS_MOVES = YES;
				CLANG_WARN_UNREACHABLE_CODE = YES;
				CLANG_WARN__DUPLICATE_METHOD_MATCH = YES;
				CODE_SIGN_IDENTITY = "";
				"CODE_SIGN_IDENTITY[sdk=iphoneos*]" = "iPhone Developer";
				COPY_PHASE_STRIP = NO;
				CURRENT_PROJECT_VERSION = 1;
				DEBUG_INFORMATION_FORMAT = "dwarf-with-dsym";
				DEFINES_MODULE = YES;
				DYLIB_COMPATIBILITY_VERSION = 1;
				DYLIB_CURRENT_VERSION = 1;
				DYLIB_INSTALL_NAME_BASE = "@rpath";
				ENABLE_NS_ASSERTIONS = NO;
				ENABLE_STRICT_OBJC_MSGSEND = YES;
				GCC_C_LANGUAGE_STANDARD = gnu99;
				GCC_NO_COMMON_BLOCKS = YES;
				GCC_WARN_64_TO_32_BIT_CONVERSION = YES;
				GCC_WARN_ABOUT_RETURN_TYPE = YES_ERROR;
				GCC_WARN_UNDECLARED_SELECTOR = YES;
				GCC_WARN_UNINITIALIZED_AUTOS = YES_AGGRESSIVE;
				GCC_WARN_UNUSED_FUNCTION = YES;
				GCC_WARN_UNUSED_VARIABLE = YES;
				INFOPLIST_FILE = Sources/Info.plist;
				INSTALL_PATH = "$(LOCAL_LIBRARY_DIR)/Frameworks";
				IPHONEOS_DEPLOYMENT_TARGET = 9.0;
				LD_RUNPATH_SEARCH_PATHS = "$(inherited) @executable_path/Frameworks @loader_path/Frameworks";
				MTL_ENABLE_DEBUG_INFO = NO;
				PRODUCT_BUNDLE_IDENTIFIER = "xyz.chrisamanse.CryptoKit-iOS";
				PRODUCT_NAME = CryptoKit;
				SDKROOT = iphoneos;
				SKIP_INSTALL = YES;
				SWIFT_OPTIMIZATION_LEVEL = "-Owholemodule";
				SWIFT_VERSION = 3.0;
				TARGETED_DEVICE_FAMILY = "1,2";
				VALIDATE_PRODUCT = YES;
				VERSIONING_SYSTEM = "apple-generic";
				VERSION_INFO_PREFIX = "";
			};
			name = Release;
		};
		DFD16A5D1D72E6B400ACDBC8 /* Debug */ = {
			isa = XCBuildConfiguration;
			buildSettings = {
				ALWAYS_SEARCH_USER_PATHS = NO;
				APPLICATION_EXTENSION_API_ONLY = YES;
				CLANG_ANALYZER_NONNULL = YES;
				CLANG_CXX_LANGUAGE_STANDARD = "gnu++0x";
				CLANG_CXX_LIBRARY = "libc++";
				CLANG_ENABLE_MODULES = YES;
				CLANG_ENABLE_OBJC_ARC = YES;
				CLANG_WARN_BOOL_CONVERSION = YES;
				CLANG_WARN_CONSTANT_CONVERSION = YES;
				CLANG_WARN_DIRECT_OBJC_ISA_USAGE = YES_ERROR;
				CLANG_WARN_DOCUMENTATION_COMMENTS = YES;
				CLANG_WARN_EMPTY_BODY = YES;
				CLANG_WARN_ENUM_CONVERSION = YES;
				CLANG_WARN_INFINITE_RECURSION = YES;
				CLANG_WARN_INT_CONVERSION = YES;
				CLANG_WARN_OBJC_ROOT_CLASS = YES_ERROR;
				CLANG_WARN_SUSPICIOUS_MOVES = YES;
				CLANG_WARN_UNREACHABLE_CODE = YES;
				CLANG_WARN__DUPLICATE_METHOD_MATCH = YES;
				CODE_SIGN_IDENTITY = "";
				COPY_PHASE_STRIP = NO;
				CURRENT_PROJECT_VERSION = 1;
				DEBUG_INFORMATION_FORMAT = dwarf;
				DEFINES_MODULE = YES;
				DYLIB_COMPATIBILITY_VERSION = 1;
				DYLIB_CURRENT_VERSION = 1;
				DYLIB_INSTALL_NAME_BASE = "@rpath";
				ENABLE_STRICT_OBJC_MSGSEND = YES;
				ENABLE_TESTABILITY = YES;
				GCC_C_LANGUAGE_STANDARD = gnu99;
				GCC_DYNAMIC_NO_PIC = NO;
				GCC_NO_COMMON_BLOCKS = YES;
				GCC_OPTIMIZATION_LEVEL = 0;
				GCC_PREPROCESSOR_DEFINITIONS = (
					"DEBUG=1",
					"$(inherited)",
				);
				GCC_WARN_64_TO_32_BIT_CONVERSION = YES;
				GCC_WARN_ABOUT_RETURN_TYPE = YES_ERROR;
				GCC_WARN_UNDECLARED_SELECTOR = YES;
				GCC_WARN_UNINITIALIZED_AUTOS = YES_AGGRESSIVE;
				GCC_WARN_UNUSED_FUNCTION = YES;
				GCC_WARN_UNUSED_VARIABLE = YES;
				INFOPLIST_FILE = Sources/Info.plist;
				INSTALL_PATH = "$(LOCAL_LIBRARY_DIR)/Frameworks";
				LD_RUNPATH_SEARCH_PATHS = "$(inherited) @executable_path/Frameworks @loader_path/Frameworks";
				MTL_ENABLE_DEBUG_INFO = YES;
				ONLY_ACTIVE_ARCH = YES;
				PRODUCT_BUNDLE_IDENTIFIER = "xyz.chrisamanse.CryptoKit-watchOS";
				PRODUCT_NAME = CryptoKit;
				SDKROOT = watchos;
				SKIP_INSTALL = YES;
				SWIFT_ACTIVE_COMPILATION_CONDITIONS = DEBUG;
				SWIFT_OPTIMIZATION_LEVEL = "-Onone";
				SWIFT_VERSION = 3.0;
				TARGETED_DEVICE_FAMILY = 4;
				VERSIONING_SYSTEM = "apple-generic";
				VERSION_INFO_PREFIX = "";
				WATCHOS_DEPLOYMENT_TARGET = 2.0;
			};
			name = Debug;
		};
		DFD16A5E1D72E6B400ACDBC8 /* Release */ = {
			isa = XCBuildConfiguration;
			buildSettings = {
				ALWAYS_SEARCH_USER_PATHS = NO;
				APPLICATION_EXTENSION_API_ONLY = YES;
				CLANG_ANALYZER_NONNULL = YES;
				CLANG_CXX_LANGUAGE_STANDARD = "gnu++0x";
				CLANG_CXX_LIBRARY = "libc++";
				CLANG_ENABLE_MODULES = YES;
				CLANG_ENABLE_OBJC_ARC = YES;
				CLANG_WARN_BOOL_CONVERSION = YES;
				CLANG_WARN_CONSTANT_CONVERSION = YES;
				CLANG_WARN_DIRECT_OBJC_ISA_USAGE = YES_ERROR;
				CLANG_WARN_DOCUMENTATION_COMMENTS = YES;
				CLANG_WARN_EMPTY_BODY = YES;
				CLANG_WARN_ENUM_CONVERSION = YES;
				CLANG_WARN_INFINITE_RECURSION = YES;
				CLANG_WARN_INT_CONVERSION = YES;
				CLANG_WARN_OBJC_ROOT_CLASS = YES_ERROR;
				CLANG_WARN_SUSPICIOUS_MOVES = YES;
				CLANG_WARN_UNREACHABLE_CODE = YES;
				CLANG_WARN__DUPLICATE_METHOD_MATCH = YES;
				CODE_SIGN_IDENTITY = "";
				COPY_PHASE_STRIP = NO;
				CURRENT_PROJECT_VERSION = 1;
				DEBUG_INFORMATION_FORMAT = "dwarf-with-dsym";
				DEFINES_MODULE = YES;
				DYLIB_COMPATIBILITY_VERSION = 1;
				DYLIB_CURRENT_VERSION = 1;
				DYLIB_INSTALL_NAME_BASE = "@rpath";
				ENABLE_NS_ASSERTIONS = NO;
				ENABLE_STRICT_OBJC_MSGSEND = YES;
				GCC_C_LANGUAGE_STANDARD = gnu99;
				GCC_NO_COMMON_BLOCKS = YES;
				GCC_WARN_64_TO_32_BIT_CONVERSION = YES;
				GCC_WARN_ABOUT_RETURN_TYPE = YES_ERROR;
				GCC_WARN_UNDECLARED_SELECTOR = YES;
				GCC_WARN_UNINITIALIZED_AUTOS = YES_AGGRESSIVE;
				GCC_WARN_UNUSED_FUNCTION = YES;
				GCC_WARN_UNUSED_VARIABLE = YES;
				INFOPLIST_FILE = Sources/Info.plist;
				INSTALL_PATH = "$(LOCAL_LIBRARY_DIR)/Frameworks";
				LD_RUNPATH_SEARCH_PATHS = "$(inherited) @executable_path/Frameworks @loader_path/Frameworks";
				MTL_ENABLE_DEBUG_INFO = NO;
				PRODUCT_BUNDLE_IDENTIFIER = "xyz.chrisamanse.CryptoKit-watchOS";
				PRODUCT_NAME = CryptoKit;
				SDKROOT = watchos;
				SKIP_INSTALL = YES;
				SWIFT_OPTIMIZATION_LEVEL = "-Owholemodule";
				SWIFT_VERSION = 3.0;
				TARGETED_DEVICE_FAMILY = 4;
				VALIDATE_PRODUCT = YES;
				VERSIONING_SYSTEM = "apple-generic";
				VERSION_INFO_PREFIX = "";
				WATCHOS_DEPLOYMENT_TARGET = 2.0;
			};
			name = Release;
		};
/* End XCBuildConfiguration section */

/* Begin XCConfigurationList section */
		DFD16A341D72E62C00ACDBC8 /* Build configuration list for PBXProject "CryptoKit" */ = {
			isa = XCConfigurationList;
			buildConfigurations = (
				DFD16A351D72E62C00ACDBC8 /* Debug */,
				DFD16A361D72E62C00ACDBC8 /* Release */,
			);
			defaultConfigurationIsVisible = 0;
			defaultConfigurationName = Release;
		};
		DFD16A421D72E67200ACDBC8 /* Build configuration list for PBXNativeTarget "CryptoKit macOS" */ = {
			isa = XCConfigurationList;
			buildConfigurations = (
				DFD16A431D72E67200ACDBC8 /* Debug */,
				DFD16A441D72E67200ACDBC8 /* Release */,
			);
			defaultConfigurationIsVisible = 0;
			defaultConfigurationName = Release;
		};
		DFD16A4F1D72E68400ACDBC8 /* Build configuration list for PBXNativeTarget "CryptoKit iOS" */ = {
			isa = XCConfigurationList;
			buildConfigurations = (
				DFD16A501D72E68400ACDBC8 /* Debug */,
				DFD16A511D72E68400ACDBC8 /* Release */,
			);
			defaultConfigurationIsVisible = 0;
			defaultConfigurationName = Release;
		};
		DFD16A5C1D72E6B400ACDBC8 /* Build configuration list for PBXNativeTarget "CryptoKit watchOS" */ = {
			isa = XCConfigurationList;
			buildConfigurations = (
				DFD16A5D1D72E6B400ACDBC8 /* Debug */,
				DFD16A5E1D72E6B400ACDBC8 /* Release */,
			);
			defaultConfigurationIsVisible = 0;
			defaultConfigurationName = Release;
		};
/* End XCConfigurationList section */
	};
	rootObject = DFD16A311D72E62C00ACDBC8 /* Project object */;
}
