// !$*UTF8*$!
{
	archiveVersion = 1;
	classes = {
	};
	objectVersion = 46;
	objects = {

/* Begin PBXBuildFile section */
		DF1B1C601F0A850F0097CE2F /* FixedWidthInteger+Rotation.swift in Sources */ = {isa = PBXBuildFile; fileRef = DF1B1C5F1F0A850F0097CE2F /* FixedWidthInteger+Rotation.swift */; };
		DF1B1C631F0A86840097CE2F /* BitRotationTests.swift in Sources */ = {isa = PBXBuildFile; fileRef = DF1B1C611F0A85FE0097CE2F /* BitRotationTests.swift */; };
		DF623FAA1D8BA5CA0067156C /* Data+HexString.swift in Sources */ = {isa = PBXBuildFile; fileRef = DF623FA61D8BA5CA0067156C /* Data+HexString.swift */; };
		_LinkFileRef_CryptoKit_via_CryptoKitTests /* CryptoKit.framework in Frameworks */ = {isa = PBXBuildFile; fileRef = "_____Product_CryptoKit" /* CryptoKit.framework */; };
/* End PBXBuildFile section */

/* Begin PBXContainerItemProxy section */
		DF623F7B1D8B9B8B0067156C /* PBXContainerItemProxy */ = {
			isa = PBXContainerItemProxy;
			containerPortal = __RootObject_ /* Project object */;
			proxyType = 1;
			remoteGlobalIDString = "______Target_CryptoKit";
			remoteInfo = CryptoKit;
		};
/* End PBXContainerItemProxy section */

/* Begin PBXFileReference section */
		DF1B1C5F1F0A850F0097CE2F /* FixedWidthInteger+Rotation.swift */ = {isa = PBXFileReference; lastKnownFileType = sourcecode.swift; path = "FixedWidthInteger+Rotation.swift"; sourceTree = "<group>"; };
		DF1B1C611F0A85FE0097CE2F /* BitRotationTests.swift */ = {isa = PBXFileReference; lastKnownFileType = sourcecode.swift; path = BitRotationTests.swift; sourceTree = "<group>"; };
		DF623FA61D8BA5CA0067156C /* Data+HexString.swift */ = {isa = PBXFileReference; fileEncoding = 4; lastKnownFileType = sourcecode.swift; path = "Data+HexString.swift"; sourceTree = "<group>"; };
		DF623FAE1D8BB1210067156C /* CryptoKit.playground */ = {isa = PBXFileReference; lastKnownFileType = file.playground; path = CryptoKit.playground; sourceTree = "<group>"; xcLanguageSpecificationIdentifier = xcode.lang.swift; };
		__PBXFileRef_CryptoKit.xcodeproj/Configs/Project.xcconfig /* CryptoKit.xcodeproj/Configs/Project.xcconfig */ = {isa = PBXFileReference; lastKnownFileType = text.xcconfig; path = CryptoKit.xcodeproj/Configs/Project.xcconfig; sourceTree = "<group>"; };
		__PBXFileRef_Package.swift /* Package.swift */ = {isa = PBXFileReference; lastKnownFileType = sourcecode.swift; path = Package.swift; sourceTree = "<group>"; };
		"_____Product_CryptoKit" /* CryptoKit.framework */ = {isa = PBXFileReference; explicitFileType = wrapper.framework; path = CryptoKit.framework; sourceTree = BUILT_PRODUCTS_DIR; };
		"_____Product_CryptoKitTests" /* CryptoKitTests.xctest */ = {isa = PBXFileReference; explicitFileType = wrapper.cfbundle; path = CryptoKitTests.xctest; sourceTree = BUILT_PRODUCTS_DIR; };
/* End PBXFileReference section */

/* Begin PBXFrameworksBuildPhase section */
		"___LinkPhase_CryptoKit" /* Frameworks */ = {
			isa = PBXFrameworksBuildPhase;
			buildActionMask = 0;
			files = (
			);
			runOnlyForDeploymentPostprocessing = 0;
		};
		"___LinkPhase_CryptoKitTests" /* Frameworks */ = {
			isa = PBXFrameworksBuildPhase;
			buildActionMask = 0;
			files = (
				_LinkFileRef_CryptoKit_via_CryptoKitTests /* CryptoKit.framework in Frameworks */,
			);
			runOnlyForDeploymentPostprocessing = 0;
		};
/* End PBXFrameworksBuildPhase section */

/* Begin PBXGroup section */
		DF623F8F1D8B9DD90067156C /* Math Protocols */ = {
			isa = PBXGroup;
			children = (
				DF1B1C5F1F0A850F0097CE2F /* FixedWidthInteger+Rotation.swift */,
			);
			path = "Math Protocols";
			sourceTree = "<group>";
		};
		TestProducts_ /* Tests */ = {
			isa = PBXGroup;
			children = (
				"_____Product_CryptoKitTests" /* CryptoKitTests.xctest */,
			);
			name = Tests;
			sourceTree = "<group>";
		};
		"___RootGroup_" = {
			isa = PBXGroup;
			children = (
				DF623FAE1D8BB1210067156C /* CryptoKit.playground */,
				__PBXFileRef_Package.swift /* Package.swift */,
				"_____Configs_" /* Configs */,
				"_____Sources_" /* Sources */,
				"_______Tests_" /* Tests */,
				"____Products_" /* Products */,
			);
			sourceTree = "<group>";
		};
		"____Products_" /* Products */ = {
			isa = PBXGroup;
			children = (
				TestProducts_ /* Tests */,
				"_____Product_CryptoKit" /* CryptoKit.framework */,
			);
			name = Products;
			sourceTree = "<group>";
		};
		"_____Configs_" /* Configs */ = {
			isa = PBXGroup;
			children = (
				__PBXFileRef_CryptoKit.xcodeproj/Configs/Project.xcconfig /* CryptoKit.xcodeproj/Configs/Project.xcconfig */,
			);
			name = Configs;
			sourceTree = "<group>";
		};
		"_____Sources_" /* Sources */ = {
			isa = PBXGroup;
			children = (
				"_______Group_CryptoKit" /* CryptoKit */,
			);
			name = Sources;
			sourceTree = "<group>";
		};
		"_______Group_CryptoKit" /* CryptoKit */ = {
			isa = PBXGroup;
			children = (
				DF623F8F1D8B9DD90067156C /* Math Protocols */,
			);
			name = CryptoKit;
			path = Sources/CryptoKit;
			sourceTree = "<group>";
		};
		"_______Group_CryptoKitTests" /* CryptoKitTests */ = {
			isa = PBXGroup;
			children = (
				DF623FA61D8BA5CA0067156C /* Data+HexString.swift */,
				DF1B1C611F0A85FE0097CE2F /* BitRotationTests.swift */,
			);
			name = CryptoKitTests;
			path = Tests/CryptoKitTests;
			sourceTree = "<group>";
		};
		"_______Tests_" /* Tests */ = {
			isa = PBXGroup;
			children = (
				"_______Group_CryptoKitTests" /* CryptoKitTests */,
			);
			name = Tests;
			sourceTree = "<group>";
		};
/* End PBXGroup section */

/* Begin PBXNativeTarget section */
		"______Target_CryptoKit" /* CryptoKit */ = {
			isa = PBXNativeTarget;
			buildConfigurationList = "_______Confs_CryptoKit" /* Build configuration list for PBXNativeTarget "CryptoKit" */;
			buildPhases = (
				CompilePhase_CryptoKit /* Sources */,
				"___LinkPhase_CryptoKit" /* Frameworks */,
			);
			buildRules = (
			);
			dependencies = (
			);
			name = CryptoKit;
			productName = CryptoKit;
			productReference = "_____Product_CryptoKit" /* CryptoKit.framework */;
			productType = "com.apple.product-type.framework";
		};
		"______Target_CryptoKitTests" /* CryptoKitTests */ = {
			isa = PBXNativeTarget;
			buildConfigurationList = "_______Confs_CryptoKitTests" /* Build configuration list for PBXNativeTarget "CryptoKitTests" */;
			buildPhases = (
				CompilePhase_CryptoKitTests /* Sources */,
				"___LinkPhase_CryptoKitTests" /* Frameworks */,
			);
			buildRules = (
			);
			dependencies = (
				__Dependency_CryptoKit /* PBXTargetDependency */,
			);
			name = CryptoKitTests;
			productName = CryptoKitTests;
			productReference = "_____Product_CryptoKitTests" /* CryptoKitTests.xctest */;
			productType = "com.apple.product-type.bundle.unit-test";
		};
/* End PBXNativeTarget section */

/* Begin PBXProject section */
		__RootObject_ /* Project object */ = {
			isa = PBXProject;
			attributes = {
				LastUpgradeCheck = 9999;
				TargetAttributes = {
					"______Target_CryptoKit" = {
						LastSwiftMigration = 0900;
					};
					"______Target_CryptoKitTests" = {
						LastSwiftMigration = 0900;
					};
				};
			};
			buildConfigurationList = "___RootConfs_" /* Build configuration list for PBXProject "CryptoKit" */;
			compatibilityVersion = "Xcode 3.2";
			developmentRegion = English;
			hasScannedForEncodings = 0;
			knownRegions = (
				en,
			);
			mainGroup = "___RootGroup_";
			productRefGroup = "____Products_" /* Products */;
			projectDirPath = "";
			projectRoot = "";
			targets = (
				"______Target_CryptoKit" /* CryptoKit */,
				"______Target_CryptoKitTests" /* CryptoKitTests */,
			);
		};
/* End PBXProject section */

/* Begin PBXSourcesBuildPhase section */
		CompilePhase_CryptoKit /* Sources */ = {
			isa = PBXSourcesBuildPhase;
			buildActionMask = 0;
			files = (
				DF1B1C601F0A850F0097CE2F /* FixedWidthInteger+Rotation.swift in Sources */,
			);
			runOnlyForDeploymentPostprocessing = 0;
		};
		CompilePhase_CryptoKitTests /* Sources */ = {
			isa = PBXSourcesBuildPhase;
			buildActionMask = 0;
			files = (
				DF623FAA1D8BA5CA0067156C /* Data+HexString.swift in Sources */,
				DF1B1C631F0A86840097CE2F /* BitRotationTests.swift in Sources */,
			);
			runOnlyForDeploymentPostprocessing = 0;
		};
/* End PBXSourcesBuildPhase section */

/* Begin PBXTargetDependency section */
		__Dependency_CryptoKit /* PBXTargetDependency */ = {
			isa = PBXTargetDependency;
			target = "______Target_CryptoKit" /* CryptoKit */;
			targetProxy = DF623F7B1D8B9B8B0067156C /* PBXContainerItemProxy */;
		};
/* End PBXTargetDependency section */

/* Begin XCBuildConfiguration section */
		_ReleaseConf_CryptoKit /* Release */ = {
			isa = XCBuildConfiguration;
			buildSettings = {
				APPLICATION_EXTENSION_API_ONLY = YES;
				CURRENT_PROJECT_VERSION = 0.3.7;
				ENABLE_TESTABILITY = YES;
				FRAMEWORK_SEARCH_PATHS = "$(PLATFORM_DIR)/Developer/Library/Frameworks";
				INFOPLIST_FILE = CryptoKit.xcodeproj/CryptoKit_Info.plist;
				LD_RUNPATH_SEARCH_PATHS = "$(TOOLCHAIN_DIR)/usr/lib/swift/macosx";
				OTHER_LDFLAGS = "$(inherited)";
				OTHER_SWIFT_FLAGS = "$(inherited)";
				PRODUCT_BUNDLE_IDENTIFIER = CryptoKit;
				PRODUCT_MODULE_NAME = "$(TARGET_NAME:c99extidentifier)";
				PRODUCT_NAME = "$(TARGET_NAME:c99extidentifier)";
				SWIFT_VERSION = 4.0;
				VERSIONING_SYSTEM = "apple-generic";
			};
			name = Release;
		};
		_ReleaseConf_CryptoKitTests /* Release */ = {
			isa = XCBuildConfiguration;
			buildSettings = {
				ALWAYS_EMBED_SWIFT_STANDARD_LIBRARIES = YES;
				EMBEDDED_CONTENT_CONTAINS_SWIFT = YES;
				FRAMEWORK_SEARCH_PATHS = "$(PLATFORM_DIR)/Developer/Library/Frameworks";
				INFOPLIST_FILE = CryptoKit.xcodeproj/CryptoKitTests_Info.plist;
				LD_RUNPATH_SEARCH_PATHS = "@loader_path/../Frameworks @loader_path/Frameworks @executable_path/../Frameworks @executable_path/Frameworks";
				OTHER_LDFLAGS = "$(inherited)";
				OTHER_SWIFT_FLAGS = "$(inherited)";
				SWIFT_VERSION = 4.0;
			};
			name = Release;
		};
		"___DebugConf_CryptoKit" /* Debug */ = {
			isa = XCBuildConfiguration;
			buildSettings = {
				APPLICATION_EXTENSION_API_ONLY = YES;
				CURRENT_PROJECT_VERSION = 0.3.7;
				ENABLE_TESTABILITY = YES;
				FRAMEWORK_SEARCH_PATHS = "$(PLATFORM_DIR)/Developer/Library/Frameworks";
				INFOPLIST_FILE = CryptoKit.xcodeproj/CryptoKit_Info.plist;
				LD_RUNPATH_SEARCH_PATHS = "$(TOOLCHAIN_DIR)/usr/lib/swift/macosx";
				OTHER_LDFLAGS = "$(inherited)";
				OTHER_SWIFT_FLAGS = "$(inherited)";
				PRODUCT_BUNDLE_IDENTIFIER = CryptoKit;
				PRODUCT_MODULE_NAME = "$(TARGET_NAME:c99extidentifier)";
				PRODUCT_NAME = "$(TARGET_NAME:c99extidentifier)";
				SWIFT_OPTIMIZATION_LEVEL = "-Onone";
				SWIFT_VERSION = 4.0;
				VERSIONING_SYSTEM = "apple-generic";
			};
			name = Debug;
		};
		"___DebugConf_CryptoKitTests" /* Debug */ = {
			isa = XCBuildConfiguration;
			buildSettings = {
				ALWAYS_EMBED_SWIFT_STANDARD_LIBRARIES = YES;
				EMBEDDED_CONTENT_CONTAINS_SWIFT = YES;
				FRAMEWORK_SEARCH_PATHS = "$(PLATFORM_DIR)/Developer/Library/Frameworks";
				INFOPLIST_FILE = CryptoKit.xcodeproj/CryptoKitTests_Info.plist;
				LD_RUNPATH_SEARCH_PATHS = "@loader_path/../Frameworks @loader_path/Frameworks @executable_path/../Frameworks @executable_path/Frameworks";
				OTHER_LDFLAGS = "$(inherited)";
				OTHER_SWIFT_FLAGS = "$(inherited)";
				SWIFT_OPTIMIZATION_LEVEL = "-Onone";
				SWIFT_VERSION = 4.0;
			};
			name = Debug;
		};
		"_____Release_" /* Release */ = {
			isa = XCBuildConfiguration;
			baseConfigurationReference = __PBXFileRef_CryptoKit.xcodeproj/Configs/Project.xcconfig /* CryptoKit.xcodeproj/Configs/Project.xcconfig */;
			buildSettings = {
			};
			name = Release;
		};
		"_______Debug_" /* Debug */ = {
			isa = XCBuildConfiguration;
			baseConfigurationReference = __PBXFileRef_CryptoKit.xcodeproj/Configs/Project.xcconfig /* CryptoKit.xcodeproj/Configs/Project.xcconfig */;
			buildSettings = {
			};
			name = Debug;
		};
/* End XCBuildConfiguration section */

/* Begin XCConfigurationList section */
		"___RootConfs_" /* Build configuration list for PBXProject "CryptoKit" */ = {
			isa = XCConfigurationList;
			buildConfigurations = (
				"_______Debug_" /* Debug */,
				"_____Release_" /* Release */,
			);
			defaultConfigurationIsVisible = 0;
			defaultConfigurationName = Debug;
		};
		"_______Confs_CryptoKit" /* Build configuration list for PBXNativeTarget "CryptoKit" */ = {
			isa = XCConfigurationList;
			buildConfigurations = (
				"___DebugConf_CryptoKit" /* Debug */,
				_ReleaseConf_CryptoKit /* Release */,
			);
			defaultConfigurationIsVisible = 0;
			defaultConfigurationName = Debug;
		};
		"_______Confs_CryptoKitTests" /* Build configuration list for PBXNativeTarget "CryptoKitTests" */ = {
			isa = XCConfigurationList;
			buildConfigurations = (
				"___DebugConf_CryptoKitTests" /* Debug */,
				_ReleaseConf_CryptoKitTests /* Release */,
			);
			defaultConfigurationIsVisible = 0;
			defaultConfigurationName = Debug;
		};
/* End XCConfigurationList section */
	};
	rootObject = __RootObject_ /* Project object */;
}
